
Microsoft Visual Studio Solution File, Format Version 12.00
# Visual Studio Version 16
VisualStudioVersion = 16.0.29728.190
MinimumVisualStudioVersion = 10.0.40219.1
Project("{FAE04EC0-301F-11D3-BF4B-00C04F79EFBC}") = "MostFreq", "MostFreq\MostFreq.csproj", "{DD1ED615-FA12-4075-BCB1-08E9B44679F1}"
EndProject
Global
	GlobalSection(SolutionConfigurationPlatforms) = preSolution
		Debug|Any CPU = Debug|Any CPU
		Release|Any CPU = Release|Any CPU
	EndGlobalSection
	GlobalSection(ProjectConfigurationPlatforms) = postSolution
		{DD1ED615-FA12-4075-BCB1-08E9B44679F1}.Debug|Any CPU.ActiveCfg = Debug|Any CPU
		{DD1ED615-FA12-4075-BCB1-08E9B44679F1}.Debug|Any CPU.Build.0 = Debug|Any CPU
		{DD1ED615-FA12-4075-BCB1-08E9B44679F1}.Release|Any CPU.ActiveCfg = Release|Any CPU
		{DD1ED615-FA12-4075-BCB1-08E9B44679F1}.Release|Any CPU.Build.0 = Release|Any CPU
	EndGlobalSection
	GlobalSection(SolutionProperties) = preSolution
		HideSolutionNode = FALSE
	EndGlobalSection
	GlobalSection(ExtensibilityGlobals) = postSolution
		SolutionGuid = {FE8F158C-9BB7-4A4A-8DED-D6FD5319BDF7}
	EndGlobalSection
EndGlobal
